%{"cowboy": {:hex, :cowboy, "1.0.4", "a324a8df9f2316c833a470d918aaf73ae894278b8aa6226ce7a9bf699388f878", [:make, :rebar], [{:cowlib, "~> 1.0.0", [hex: :cowlib, repo: "hexpm", optional: false]}, {:ranch, "~> 1.0", [hex: :ranch, repo: "hexpm", optional: false]}], "hexpm"},
  "cowlib": {:hex, :cowlib, "1.0.2", "9d769a1d062c9c3ac753096f868ca121e2730b9a377de23dec0f7e08b1df84ee", [:make], [], "hexpm"},
  "ranch": {:hex, :ranch, "1.4.0", "10272f95da79340fa7e8774ba7930b901713d272905d0012b06ca6d994f8826b", [:rebar3], [], "hexpm"},
  "webassembly": {:hex, :webassembly, "0.6.1", "e94f593187cb31fa847fb8a4e787be44f4ffd782ffa754173dea913889be9f9f", [:mix], [], "hexpm"},
  "xxhash": {:hex, :xxhash, "0.2.0", "4f5ca6159df3732eae22fd942494375d17fe09a66d7711c2e106fc64dfce2356", [:mix], [], "hexpm"}}
